{
  "name": "binary-tree",
  "lockfileVersion": 2,
  "requires": true,
  "packages": {
    "": {
      "dependencies": {
        "filesize": "^10.0.6"
      }
    },
    "node_modules/filesize": {
      "version": "10.0.6",
      "resolved": "https://registry.npmjs.org/filesize/-/filesize-10.0.6.tgz",
      "integrity": "sha512-rzpOZ4C9vMFDqOa6dNpog92CoLYjD79dnjLk2TYDDtImRIyLTOzqojCb05Opd1WuiWjs+fshhCgTd8cl7y5t+g==",
      "engines": {
        "node": ">= 10.4.0"
      }
    }
  },
  "dependencies": {
    "filesize": {
      "version": "10.0.6",
      "resolved": "https://registry.npmjs.org/filesize/-/filesize-10.0.6.tgz",
      "integrity": "sha512-rzpOZ4C9vMFDqOa6dNpog92CoLYjD79dnjLk2TYDDtImRIyLTOzqojCb05Opd1WuiWjs+fshhCgTd8cl7y5t+g=="
    }
  }
}
