{
  "name": "CS3380",
  "lockfileVersion": 2,
  "requires": true,
  "packages": {
    "": {
      "dependencies": {
        "filesize": "^10.0.6",
        "lodash": "^4.17.21"
      }
    },
    "node_modules/filesize": {
      "version": "10.0.6",
      "resolved": "https://registry.npmjs.org/filesize/-/filesize-10.0.6.tgz",
      "integrity": "sha512-rzpOZ4C9vMFDqOa6dNpog92CoLYjD79dnjLk2TYDDtImRIyLTOzqojCb05Opd1WuiWjs+fshhCgTd8cl7y5t+g==",
      "engines": {
        "node": ">= 10.4.0"
      }
    },
    "node_modules/lodash": {
      "version": "4.17.21",
      "resolved": "https://registry.npmjs.org/lodash/-/lodash-4.17.21.tgz",
      "integrity": "sha512-v2kDEe57lecTulaDIuNTPy3Ry4gLGJ6Z1O3vE1krgXZNrsQ+LFTGHVxVjcXPs17LhbZVGedAJv8XZ1tvj5FvSg=="
    }
  },
  "dependencies": {
    "filesize": {
      "version": "10.0.6",
      "resolved": "https://registry.npmjs.org/filesize/-/filesize-10.0.6.tgz",
      "integrity": "sha512-rzpOZ4C9vMFDqOa6dNpog92CoLYjD79dnjLk2TYDDtImRIyLTOzqojCb05Opd1WuiWjs+fshhCgTd8cl7y5t+g=="
    },
    "lodash": {
      "version": "4.17.21",
      "resolved": "https://registry.npmjs.org/lodash/-/lodash-4.17.21.tgz",
      "integrity": "sha512-v2kDEe57lecTulaDIuNTPy3Ry4gLGJ6Z1O3vE1krgXZNrsQ+LFTGHVxVjcXPs17LhbZVGedAJv8XZ1tvj5FvSg=="
    }
  }
}
